{
  "name": "@minimessage-js/translations",
  "version": "2.0.1",
  "lockfileVersion": 3,
  "requires": true,
  "packages": {
    "": {
      "name": "@minimessage-js/translations",
      "version": "2.0.1",
      "license": "Apache-2.0",
      "devDependencies": {
        "@minimessage-js/mojang": "file:../mojang",
        "json-stream-es": "^1.2.1"
      }
    },
    "../mojang": {
      "name": "@minimessage-js/mojang",
      "version": "2.0.1",
      "dev": true,
      "license": "Apache-2.0",
      "dependencies": {
        "but-unzip": "^0.1.7",
        "json-stream-es": "^1.2.1"
      }
    },
    "../mojang/node_modules/but-unzip": {
      "version": "0.1.7",
      "dev": true,
      "license": "Apache-2.0"
    },
    "../mojang/node_modules/json-stream-es": {
      "version": "1.2.1",
      "dev": true,
      "license": "BSD-2-Clause",
      "engines": {
        "node": ">=18.0.0"
      }
    },
    "node_modules/@minimessage-js/mojang": {
      "resolved": "../mojang",
      "link": true
    },
    "node_modules/json-stream-es": {
      "version": "1.2.1",
      "resolved": "https://registry.npmjs.org/json-stream-es/-/json-stream-es-1.2.1.tgz",
      "integrity": "sha512-Nugv+UpZl72pq+Wqy+kA5NjqYYS6JgjJnnXGCX0f5BbISUiIQfMTqaNM8QgO2BX4uVWlpxlXvC8kLtOtvragUw==",
      "dev": true,
      "license": "BSD-2-Clause",
      "engines": {
        "node": ">=18.0.0"
      }
    }
  }
}
